
Microsoft Visual Studio Solution File, Format Version 12.00
# Visual Studio Version 17
VisualStudioVersion = 17.14.36811.4 d17.14
MinimumVisualStudioVersion = 10.0.40219.1
Project("{FAE04EC0-301F-11D3-BF4B-00C04F79EFBC}") = "ConventionBasedRoutingWithoutMVC", "ConventionBasedRoutingWithoutMVC\ConventionBasedRoutingWithoutMVC.csproj", "{827DF6C3-51D0-49EE-B46A-2BEFB92AE99F}"
EndProject
Global
	GlobalSection(SolutionConfigurationPlatforms) = preSolution
		Debug|Any CPU = Debug|Any CPU
		Release|Any CPU = Release|Any CPU
	EndGlobalSection
	GlobalSection(ProjectConfigurationPlatforms) = postSolution
		{827DF6C3-51D0-49EE-B46A-2BEFB92AE99F}.Debug|Any CPU.ActiveCfg = Debug|Any CPU
		{827DF6C3-51D0-49EE-B46A-2BEFB92AE99F}.Debug|Any CPU.Build.0 = Debug|Any CPU
		{827DF6C3-51D0-49EE-B46A-2BEFB92AE99F}.Release|Any CPU.ActiveCfg = Release|Any CPU
		{827DF6C3-51D0-49EE-B46A-2BEFB92AE99F}.Release|Any CPU.Build.0 = Release|Any CPU
	EndGlobalSection
	GlobalSection(SolutionProperties) = preSolution
		HideSolutionNode = FALSE
	EndGlobalSection
	GlobalSection(ExtensibilityGlobals) = postSolution
		SolutionGuid = {10060E56-0AFE-4F1D-9063-34F29C6938C1}
	EndGlobalSection
EndGlobal
