
Microsoft Visual Studio Solution File, Format Version 12.00
# Visual Studio Version 17
VisualStudioVersion = 17.14.36811.4 d17.14
MinimumVisualStudioVersion = 10.0.40219.1
Project("{FAE04EC0-301F-11D3-BF4B-00C04F79EFBC}") = "EmployeeProjCRUDWithMVC", "EmployeeProjCRUDWithMVC\EmployeeProjCRUDWithMVC.csproj", "{699870CE-8885-44B7-B6A9-424259E68681}"
EndProject
Global
	GlobalSection(SolutionConfigurationPlatforms) = preSolution
		Debug|Any CPU = Debug|Any CPU
		Release|Any CPU = Release|Any CPU
	EndGlobalSection
	GlobalSection(ProjectConfigurationPlatforms) = postSolution
		{699870CE-8885-44B7-B6A9-424259E68681}.Debug|Any CPU.ActiveCfg = Debug|Any CPU
		{699870CE-8885-44B7-B6A9-424259E68681}.Debug|Any CPU.Build.0 = Debug|Any CPU
		{699870CE-8885-44B7-B6A9-424259E68681}.Release|Any CPU.ActiveCfg = Release|Any CPU
		{699870CE-8885-44B7-B6A9-424259E68681}.Release|Any CPU.Build.0 = Release|Any CPU
	EndGlobalSection
	GlobalSection(SolutionProperties) = preSolution
		HideSolutionNode = FALSE
	EndGlobalSection
	GlobalSection(ExtensibilityGlobals) = postSolution
		SolutionGuid = {B73A60B8-0AFF-44D7-89FA-C825ACD8ED7B}
	EndGlobalSection
EndGlobal
