
Microsoft Visual Studio Solution File, Format Version 12.00
# Visual Studio Version 17
VisualStudioVersion = 17.14.36811.4 d17.14
MinimumVisualStudioVersion = 10.0.40219.1
Project("{FAE04EC0-301F-11D3-BF4B-00C04F79EFBC}") = "InstallingBootstrapClasses", "InstallingBootstrapClasses\InstallingBootstrapClasses.csproj", "{88F58319-9B02-45B3-9F32-0E96645F99FB}"
EndProject
Global
	GlobalSection(SolutionConfigurationPlatforms) = preSolution
		Debug|Any CPU = Debug|Any CPU
		Release|Any CPU = Release|Any CPU
	EndGlobalSection
	GlobalSection(ProjectConfigurationPlatforms) = postSolution
		{88F58319-9B02-45B3-9F32-0E96645F99FB}.Debug|Any CPU.ActiveCfg = Debug|Any CPU
		{88F58319-9B02-45B3-9F32-0E96645F99FB}.Debug|Any CPU.Build.0 = Debug|Any CPU
		{88F58319-9B02-45B3-9F32-0E96645F99FB}.Release|Any CPU.ActiveCfg = Release|Any CPU
		{88F58319-9B02-45B3-9F32-0E96645F99FB}.Release|Any CPU.Build.0 = Release|Any CPU
	EndGlobalSection
	GlobalSection(SolutionProperties) = preSolution
		HideSolutionNode = FALSE
	EndGlobalSection
	GlobalSection(ExtensibilityGlobals) = postSolution
		SolutionGuid = {5A84B478-903B-4484-B12F-EFA122D4F8C4}
	EndGlobalSection
EndGlobal
