
Microsoft Visual Studio Solution File, Format Version 12.00
# Visual Studio Version 17
VisualStudioVersion = 17.14.36811.4 d17.14
MinimumVisualStudioVersion = 10.0.40219.1
Project("{FAE04EC0-301F-11D3-BF4B-00C04F79EFBC}") = "AspDotNetCoreMiddlewaresProj1", "AspDotNetCoreMiddlewaresProj1\AspDotNetCoreMiddlewaresProj1.csproj", "{7FDC2012-C80C-412C-85CB-6BFE967BD1F5}"
EndProject
Global
	GlobalSection(SolutionConfigurationPlatforms) = preSolution
		Debug|Any CPU = Debug|Any CPU
		Release|Any CPU = Release|Any CPU
	EndGlobalSection
	GlobalSection(ProjectConfigurationPlatforms) = postSolution
		{7FDC2012-C80C-412C-85CB-6BFE967BD1F5}.Debug|Any CPU.ActiveCfg = Debug|Any CPU
		{7FDC2012-C80C-412C-85CB-6BFE967BD1F5}.Debug|Any CPU.Build.0 = Debug|Any CPU
		{7FDC2012-C80C-412C-85CB-6BFE967BD1F5}.Release|Any CPU.ActiveCfg = Release|Any CPU
		{7FDC2012-C80C-412C-85CB-6BFE967BD1F5}.Release|Any CPU.Build.0 = Release|Any CPU
	EndGlobalSection
	GlobalSection(SolutionProperties) = preSolution
		HideSolutionNode = FALSE
	EndGlobalSection
	GlobalSection(ExtensibilityGlobals) = postSolution
		SolutionGuid = {5CB94809-F847-4233-900A-344F89980C85}
	EndGlobalSection
EndGlobal
