
Microsoft Visual Studio Solution File, Format Version 12.00
# Visual Studio Version 17
VisualStudioVersion = 17.14.36811.4 d17.14
MinimumVisualStudioVersion = 10.0.40219.1
Project("{FAE04EC0-301F-11D3-BF4B-00C04F79EFBC}") = "ModelsInAspDotNetCoreMVC", "ModelsInAspDotNetCoreMVC\ModelsInAspDotNetCoreMVC.csproj", "{D5D85EB7-4E27-4870-B9BD-2B7BBA0210E0}"
EndProject
Global
	GlobalSection(SolutionConfigurationPlatforms) = preSolution
		Debug|Any CPU = Debug|Any CPU
		Release|Any CPU = Release|Any CPU
	EndGlobalSection
	GlobalSection(ProjectConfigurationPlatforms) = postSolution
		{D5D85EB7-4E27-4870-B9BD-2B7BBA0210E0}.Debug|Any CPU.ActiveCfg = Debug|Any CPU
		{D5D85EB7-4E27-4870-B9BD-2B7BBA0210E0}.Debug|Any CPU.Build.0 = Debug|Any CPU
		{D5D85EB7-4E27-4870-B9BD-2B7BBA0210E0}.Release|Any CPU.ActiveCfg = Release|Any CPU
		{D5D85EB7-4E27-4870-B9BD-2B7BBA0210E0}.Release|Any CPU.Build.0 = Release|Any CPU
	EndGlobalSection
	GlobalSection(SolutionProperties) = preSolution
		HideSolutionNode = FALSE
	EndGlobalSection
	GlobalSection(ExtensibilityGlobals) = postSolution
		SolutionGuid = {8941BEA6-0F22-4977-A724-C70884EA6ACC}
	EndGlobalSection
EndGlobal
